
Microsoft Visual Studio Solution File, Format Version 12.00
# Visual Studio Version 16
VisualStudioVersion = 16.0.29123.88
MinimumVisualStudioVersion = 10.0.40219.1
Project("{FAE04EC0-301F-11D3-BF4B-00C04F79EFBC}") = "TestApplication", "TestApplication\TestApplication.csproj", "{B6C51914-9B54-4D5B-8279-9087D71150DE}"
EndProject
Global
	GlobalSection(SolutionConfigurationPlatforms) = preSolution
		Debug|Any CPU = Debug|Any CPU
		Release|Any CPU = Release|Any CPU
	EndGlobalSection
	GlobalSection(ProjectConfigurationPlatforms) = postSolution
		{B6C51914-9B54-4D5B-8279-9087D71150DE}.Debug|Any CPU.ActiveCfg = Debug|Any CPU
		{B6C51914-9B54-4D5B-8279-9087D71150DE}.Debug|Any CPU.Build.0 = Debug|Any CPU
		{B6C51914-9B54-4D5B-8279-9087D71150DE}.Release|Any CPU.ActiveCfg = Release|Any CPU
		{B6C51914-9B54-4D5B-8279-9087D71150DE}.Release|Any CPU.Build.0 = Release|Any CPU
	EndGlobalSection
	GlobalSection(SolutionProperties) = preSolution
		HideSolutionNode = FALSE
	EndGlobalSection
	GlobalSection(ExtensibilityGlobals) = postSolution
		SolutionGuid = {4314C860-BCF4-46DA-94A6-D462E2A8CD87}
	EndGlobalSection
EndGlobal
